// !$*UTF8*$!
{
	archiveVersion = 1;
	classes = {
	};
	objectVersion = 52;
	objects = {

/* Begin PBXBuildFile section */
		3F7C03742EF9624E0CB7F396 /* Pods_MyPlaces.framework in Frameworks */ = {isa = PBXBuildFile; fileRef = 1E6BC4B059F4C1EA2C61080F /* Pods_MyPlaces.framework */; };
		B152759723CC52B7007D738C /* StorageManager.swift in Sources */ = {isa = PBXBuildFile; fileRef = B152759623CC52B7007D738C /* StorageManager.swift */; };
		B17070CF23C65E1100B56DD0 /* NewPlaceViewController.swift in Sources */ = {isa = PBXBuildFile; fileRef = B17070CE23C65E1100B56DD0 /* NewPlaceViewController.swift */; };
		B18F9E0423C4C7D900E4C540 /* CustomTableViewCell.swift in Sources */ = {isa = PBXBuildFile; fileRef = B18F9E0323C4C7D900E4C540 /* CustomTableViewCell.swift */; };
		B18F9E0623C4CBAB00E4C540 /* PlaceModel.swift in Sources */ = {isa = PBXBuildFile; fileRef = B18F9E0523C4CBAB00E4C540 /* PlaceModel.swift */; };
		B1F52EB023C0A97F0031CB62 /* AppDelegate.swift in Sources */ = {isa = PBXBuildFile; fileRef = B1F52EAF23C0A97F0031CB62 /* AppDelegate.swift */; };
		B1F52EB223C0A97F0031CB62 /* SceneDelegate.swift in Sources */ = {isa = PBXBuildFile; fileRef = B1F52EB123C0A97F0031CB62 /* SceneDelegate.swift */; };
		B1F52EB723C0A97F0031CB62 /* Main.storyboard in Resources */ = {isa = PBXBuildFile; fileRef = B1F52EB523C0A97F0031CB62 /* Main.storyboard */; };
		B1F52EB923C0A9810031CB62 /* Assets.xcassets in Resources */ = {isa = PBXBuildFile; fileRef = B1F52EB823C0A9810031CB62 /* Assets.xcassets */; };
		B1F52EBC23C0A9810031CB62 /* LaunchScreen.storyboard in Resources */ = {isa = PBXBuildFile; fileRef = B1F52EBA23C0A9810031CB62 /* LaunchScreen.storyboard */; };
		B1F52EC423C0AD210031CB62 /* MainViewController.swift in Sources */ = {isa = PBXBuildFile; fileRef = B1F52EC323C0AD210031CB62 /* MainViewController.swift */; };
		B1F6D77523D08854003F21D3 /* RatingControl.swift in Sources */ = {isa = PBXBuildFile; fileRef = B1F6D77423D08854003F21D3 /* RatingControl.swift */; };
/* End PBXBuildFile section */

/* Begin PBXFileReference section */
		1E6BC4B059F4C1EA2C61080F /* Pods_MyPlaces.framework */ = {isa = PBXFileReference; explicitFileType = wrapper.framework; includeInIndex = 0; path = Pods_MyPlaces.framework; sourceTree = BUILT_PRODUCTS_DIR; };
		60A9A103BBE46AD0A0FDC1C9 /* Pods-MyPlaces.debug.xcconfig */ = {isa = PBXFileReference; includeInIndex = 1; lastKnownFileType = text.xcconfig; name = "Pods-MyPlaces.debug.xcconfig"; path = "Target Support Files/Pods-MyPlaces/Pods-MyPlaces.debug.xcconfig"; sourceTree = "<group>"; };
		B152759623CC52B7007D738C /* StorageManager.swift */ = {isa = PBXFileReference; lastKnownFileType = sourcecode.swift; path = StorageManager.swift; sourceTree = "<group>"; };
		B17070CE23C65E1100B56DD0 /* NewPlaceViewController.swift */ = {isa = PBXFileReference; lastKnownFileType = sourcecode.swift; path = NewPlaceViewController.swift; sourceTree = "<group>"; };
		B18F9E0323C4C7D900E4C540 /* CustomTableViewCell.swift */ = {isa = PBXFileReference; lastKnownFileType = sourcecode.swift; path = CustomTableViewCell.swift; sourceTree = "<group>"; };
		B18F9E0523C4CBAB00E4C540 /* PlaceModel.swift */ = {isa = PBXFileReference; lastKnownFileType = sourcecode.swift; path = PlaceModel.swift; sourceTree = "<group>"; };
		B1F52EAC23C0A97F0031CB62 /* MyPlaces.app */ = {isa = PBXFileReference; explicitFileType = wrapper.application; includeInIndex = 0; path = MyPlaces.app; sourceTree = BUILT_PRODUCTS_DIR; };
		B1F52EAF23C0A97F0031CB62 /* AppDelegate.swift */ = {isa = PBXFileReference; lastKnownFileType = sourcecode.swift; path = AppDelegate.swift; sourceTree = "<group>"; };
		B1F52EB123C0A97F0031CB62 /* SceneDelegate.swift */ = {isa = PBXFileReference; lastKnownFileType = sourcecode.swift; path = SceneDelegate.swift; sourceTree = "<group>"; };
		B1F52EB623C0A97F0031CB62 /* Base */ = {isa = PBXFileReference; lastKnownFileType = file.storyboard; name = Base; path = Base.lproj/Main.storyboard; sourceTree = "<group>"; };
		B1F52EB823C0A9810031CB62 /* Assets.xcassets */ = {isa = PBXFileReference; lastKnownFileType = folder.assetcatalog; path = Assets.xcassets; sourceTree = "<group>"; };
		B1F52EBB23C0A9810031CB62 /* Base */ = {isa = PBXFileReference; lastKnownFileType = file.storyboard; name = Base; path = Base.lproj/LaunchScreen.storyboard; sourceTree = "<group>"; };
		B1F52EBD23C0A9810031CB62 /* Info.plist */ = {isa = PBXFileReference; lastKnownFileType = text.plist.xml; path = Info.plist; sourceTree = "<group>"; };
		B1F52EC323C0AD210031CB62 /* MainViewController.swift */ = {isa = PBXFileReference; lastKnownFileType = sourcecode.swift; path = MainViewController.swift; sourceTree = "<group>"; };
		B1F6D77423D08854003F21D3 /* RatingControl.swift */ = {isa = PBXFileReference; lastKnownFileType = sourcecode.swift; path = RatingControl.swift; sourceTree = "<group>"; };
		C760B3070ECF10291428ABF9 /* Pods-MyPlaces.release.xcconfig */ = {isa = PBXFileReference; includeInIndex = 1; lastKnownFileType = text.xcconfig; name = "Pods-MyPlaces.release.xcconfig"; path = "Target Support Files/Pods-MyPlaces/Pods-MyPlaces.release.xcconfig"; sourceTree = "<group>"; };
/* End PBXFileReference section */

/* Begin PBXFrameworksBuildPhase section */
		B1F52EA923C0A97F0031CB62 /* Frameworks */ = {
			isa = PBXFrameworksBuildPhase;
			buildActionMask = 2147483647;
			files = (
				3F7C03742EF9624E0CB7F396 /* Pods_MyPlaces.framework in Frameworks */,
			);
			runOnlyForDeploymentPostprocessing = 0;
		};
/* End PBXFrameworksBuildPhase section */

/* Begin PBXGroup section */
		28293DFE5F2803C5CDAA75A5 /* Pods */ = {
			isa = PBXGroup;
			children = (
				60A9A103BBE46AD0A0FDC1C9 /* Pods-MyPlaces.debug.xcconfig */,
				C760B3070ECF10291428ABF9 /* Pods-MyPlaces.release.xcconfig */,
			);
			path = Pods;
			sourceTree = "<group>";
		};
		82E989B6B21D6A6C2098649C /* Frameworks */ = {
			isa = PBXGroup;
			children = (
				1E6BC4B059F4C1EA2C61080F /* Pods_MyPlaces.framework */,
			);
			name = Frameworks;
			sourceTree = "<group>";
		};
		B1F52EA323C0A97F0031CB62 = {
			isa = PBXGroup;
			children = (
				B1F52EAE23C0A97F0031CB62 /* MyPlaces */,
				B1F52EAD23C0A97F0031CB62 /* Products */,
				28293DFE5F2803C5CDAA75A5 /* Pods */,
				82E989B6B21D6A6C2098649C /* Frameworks */,
			);
			sourceTree = "<group>";
		};
		B1F52EAD23C0A97F0031CB62 /* Products */ = {
			isa = PBXGroup;
			children = (
				B1F52EAC23C0A97F0031CB62 /* MyPlaces.app */,
			);
			name = Products;
			sourceTree = "<group>";
		};
		B1F52EAE23C0A97F0031CB62 /* MyPlaces */ = {
			isa = PBXGroup;
			children = (
				B1F52EAF23C0A97F0031CB62 /* AppDelegate.swift */,
				B1F52EC323C0AD210031CB62 /* MainViewController.swift */,
				B18F9E0523C4CBAB00E4C540 /* PlaceModel.swift */,
				B152759623CC52B7007D738C /* StorageManager.swift */,
				B18F9E0323C4C7D900E4C540 /* CustomTableViewCell.swift */,
				B1F6D77423D08854003F21D3 /* RatingControl.swift */,
				B1F52EB123C0A97F0031CB62 /* SceneDelegate.swift */,
				B1F52EB523C0A97F0031CB62 /* Main.storyboard */,
				B17070CE23C65E1100B56DD0 /* NewPlaceViewController.swift */,
				B1F52EB823C0A9810031CB62 /* Assets.xcassets */,
				B1F52EBA23C0A9810031CB62 /* LaunchScreen.storyboard */,
				B1F52EBD23C0A9810031CB62 /* Info.plist */,
			);
			path = MyPlaces;
			sourceTree = "<group>";
		};
/* End PBXGroup section */

/* Begin PBXNativeTarget section */
		B1F52EAB23C0A97F0031CB62 /* MyPlaces */ = {
			isa = PBXNativeTarget;
			buildConfigurationList = B1F52EC023C0A9810031CB62 /* Build configuration list for PBXNativeTarget "MyPlaces" */;
			buildPhases = (
				D86E2709AC04B21C1AFE5913 /* [CP] Check Pods Manifest.lock */,
				B1F52EA823C0A97F0031CB62 /* Sources */,
				B1F52EA923C0A97F0031CB62 /* Frameworks */,
				B1F52EAA23C0A97F0031CB62 /* Resources */,
				14DE6798E18094119A35F19B /* [CP] Embed Pods Frameworks */,
			);
			buildRules = (
			);
			dependencies = (
			);
			name = MyPlaces;
			productName = MyPlaces;
			productReference = B1F52EAC23C0A97F0031CB62 /* MyPlaces.app */;
			productType = "com.apple.product-type.application";
		};
/* End PBXNativeTarget section */

/* Begin PBXProject section */
		B1F52EA423C0A97F0031CB62 /* Project object */ = {
			isa = PBXProject;
			attributes = {
				LastSwiftUpdateCheck = 1130;
				LastUpgradeCheck = 1130;
				ORGANIZATIONNAME = "Валентина Калайда";
				TargetAttributes = {
					B1F52EAB23C0A97F0031CB62 = {
						CreatedOnToolsVersion = 11.3;
					};
				};
			};
			buildConfigurationList = B1F52EA723C0A97F0031CB62 /* Build configuration list for PBXProject "MyPlaces" */;
			compatibilityVersion = "Xcode 11.0";
			developmentRegion = en;
			hasScannedForEncodings = 0;
			knownRegions = (
				en,
				Base,
			);
			mainGroup = B1F52EA323C0A97F0031CB62;
			productRefGroup = B1F52EAD23C0A97F0031CB62 /* Products */;
			projectDirPath = "";
			projectRoot = "";
			targets = (
				B1F52EAB23C0A97F0031CB62 /* MyPlaces */,
			);
		};
/* End PBXProject section */

/* Begin PBXResourcesBuildPhase section */
		B1F52EAA23C0A97F0031CB62 /* Resources */ = {
			isa = PBXResourcesBuildPhase;
			buildActionMask = 2147483647;
			files = (
				B1F52EBC23C0A9810031CB62 /* LaunchScreen.storyboard in Resources */,
				B1F52EB923C0A9810031CB62 /* Assets.xcassets in Resources */,
				B1F52EB723C0A97F0031CB62 /* Main.storyboard in Resources */,
			);
			runOnlyForDeploymentPostprocessing = 0;
		};
/* End PBXResourcesBuildPhase section */

/* Begin PBXShellScriptBuildPhase section */
		14DE6798E18094119A35F19B /* [CP] Embed Pods Frameworks */ = {
			isa = PBXShellScriptBuildPhase;
			buildActionMask = 2147483647;
			files = (
			);
			inputFileListPaths = (
				"${PODS_ROOT}/Target Support Files/Pods-MyPlaces/Pods-MyPlaces-frameworks-${CONFIGURATION}-input-files.xcfilelist",
			);
			name = "[CP] Embed Pods Frameworks";
			outputFileListPaths = (
				"${PODS_ROOT}/Target Support Files/Pods-MyPlaces/Pods-MyPlaces-frameworks-${CONFIGURATION}-output-files.xcfilelist",
			);
			runOnlyForDeploymentPostprocessing = 0;
			shellPath = /bin/sh;
			shellScript = "\"${PODS_ROOT}/Target Support Files/Pods-MyPlaces/Pods-MyPlaces-frameworks.sh\"\n";
			showEnvVarsInLog = 0;
		};
		D86E2709AC04B21C1AFE5913 /* [CP] Check Pods Manifest.lock */ = {
			isa = PBXShellScriptBuildPhase;
			buildActionMask = 2147483647;
			files = (
			);
			inputFileListPaths = (
			);
			inputPaths = (
				"${PODS_PODFILE_DIR_PATH}/Podfile.lock",
				"${PODS_ROOT}/Manifest.lock",
			);
			name = "[CP] Check Pods Manifest.lock";
			outputFileListPaths = (
			);
			outputPaths = (
				"$(DERIVED_FILE_DIR)/Pods-MyPlaces-checkManifestLockResult.txt",
			);
			runOnlyForDeploymentPostprocessing = 0;
			shellPath = /bin/sh;
			shellScript = "diff \"${PODS_PODFILE_DIR_PATH}/Podfile.lock\" \"${PODS_ROOT}/Manifest.lock\" > /dev/null\nif [ $? != 0 ] ; then\n    # print error to STDERR\n    echo \"error: The sandbox is not in sync with the Podfile.lock. Run 'pod install' or update your CocoaPods installation.\" >&2\n    exit 1\nfi\n# This output is used by Xcode 'outputs' to avoid re-running this script phase.\necho \"SUCCESS\" > \"${SCRIPT_OUTPUT_FILE_0}\"\n";
			showEnvVarsInLog = 0;
		};
/* End PBXShellScriptBuildPhase section */

/* Begin PBXSourcesBuildPhase section */
		B1F52EA823C0A97F0031CB62 /* Sources */ = {
			isa = PBXSourcesBuildPhase;
			buildActionMask = 2147483647;
			files = (
				B1F52EC423C0AD210031CB62 /* MainViewController.swift in Sources */,
				B17070CF23C65E1100B56DD0 /* NewPlaceViewController.swift in Sources */,
				B1F52EB023C0A97F0031CB62 /* AppDelegate.swift in Sources */,
				B152759723CC52B7007D738C /* StorageManager.swift in Sources */,
				B1F6D77523D08854003F21D3 /* RatingControl.swift in Sources */,
				B18F9E0623C4CBAB00E4C540 /* PlaceModel.swift in Sources */,
				B18F9E0423C4C7D900E4C540 /* CustomTableViewCell.swift in Sources */,
				B1F52EB223C0A97F0031CB62 /* SceneDelegate.swift in Sources */,
			);
			runOnlyForDeploymentPostprocessing = 0;
		};
/* End PBXSourcesBuildPhase section */

/* Begin PBXVariantGroup section */
		B1F52EB523C0A97F0031CB62 /* Main.storyboard */ = {
			isa = PBXVariantGroup;
			children = (
				B1F52EB623C0A97F0031CB62 /* Base */,
			);
			name = Main.storyboard;
			sourceTree = "<group>";
		};
		B1F52EBA23C0A9810031CB62 /* LaunchScreen.storyboard */ = {
			isa = PBXVariantGroup;
			children = (
				B1F52EBB23C0A9810031CB62 /* Base */,
			);
			name = LaunchScreen.storyboard;
			sourceTree = "<group>";
		};
/* End PBXVariantGroup section */

/* Begin XCBuildConfiguration section */
		B1F52EBE23C0A9810031CB62 /* Debug */ = {
			isa = XCBuildConfiguration;
			buildSettings = {
				ALWAYS_SEARCH_USER_PATHS = NO;
				CLANG_ANALYZER_NONNULL = YES;
				CLANG_ANALYZER_NUMBER_OBJECT_CONVERSION = YES_AGGRESSIVE;
				CLANG_CXX_LANGUAGE_STANDARD = "gnu++14";
				CLANG_CXX_LIBRARY = "libc++";
				CLANG_ENABLE_MODULES = YES;
				CLANG_ENABLE_OBJC_ARC = YES;
				CLANG_ENABLE_OBJC_WEAK = YES;
				CLANG_WARN_BLOCK_CAPTURE_AUTORELEASING = YES;
				CLANG_WARN_BOOL_CONVERSION = YES;
				CLANG_WARN_COMMA = YES;
				CLANG_WARN_CONSTANT_CONVERSION = YES;
				CLANG_WARN_DEPRECATED_OBJC_IMPLEMENTATIONS = YES;
				CLANG_WARN_DIRECT_OBJC_ISA_USAGE = YES_ERROR;
				CLANG_WARN_DOCUMENTATION_COMMENTS = YES;
				CLANG_WARN_EMPTY_BODY = YES;
				CLANG_WARN_ENUM_CONVERSION = YES;
				CLANG_WARN_INFINITE_RECURSION = YES;
				CLANG_WARN_INT_CONVERSION = YES;
				CLANG_WARN_NON_LITERAL_NULL_CONVERSION = YES;
				CLANG_WARN_OBJC_IMPLICIT_RETAIN_SELF = YES;
				CLANG_WARN_OBJC_LITERAL_CONVERSION = YES;
				CLANG_WARN_OBJC_ROOT_CLASS = YES_ERROR;
				CLANG_WARN_RANGE_LOOP_ANALYSIS = YES;
				CLANG_WARN_STRICT_PROTOTYPES = YES;
				CLANG_WARN_SUSPICIOUS_MOVE = YES;
				CLANG_WARN_UNGUARDED_AVAILABILITY = YES_AGGRESSIVE;
				CLANG_WARN_UNREACHABLE_CODE = YES;
				CLANG_WARN__DUPLICATE_METHOD_MATCH = YES;
				COPY_PHASE_STRIP = NO;
				DEBUG_INFORMATION_FORMAT = dwarf;
				ENABLE_STRICT_OBJC_MSGSEND = YES;
				ENABLE_TESTABILITY = YES;
				GCC_C_LANGUAGE_STANDARD = gnu11;
				GCC_DYNAMIC_NO_PIC = NO;
				GCC_NO_COMMON_BLOCKS = YES;
				GCC_OPTIMIZATION_LEVEL = 0;
				GCC_PREPROCESSOR_DEFINITIONS = (
					"DEBUG=1",
					"$(inherited)",
				);
				GCC_WARN_64_TO_32_BIT_CONVERSION = YES;
				GCC_WARN_ABOUT_RETURN_TYPE = YES_ERROR;
				GCC_WARN_UNDECLARED_SELECTOR = YES;
				GCC_WARN_UNINITIALIZED_AUTOS = YES_AGGRESSIVE;
				GCC_WARN_UNUSED_FUNCTION = YES;
				GCC_WARN_UNUSED_VARIABLE = YES;
				IPHONEOS_DEPLOYMENT_TARGET = 13.2;
				MTL_ENABLE_DEBUG_INFO = INCLUDE_SOURCE;
				MTL_FAST_MATH = YES;
				ONLY_ACTIVE_ARCH = YES;
				SDKROOT = iphoneos;
				SWIFT_ACTIVE_COMPILATION_CONDITIONS = DEBUG;
				SWIFT_OPTIMIZATION_LEVEL = "-Onone";
			};
			name = Debug;
		};
		B1F52EBF23C0A9810031CB62 /* Release */ = {
			isa = XCBuildConfiguration;
			buildSettings = {
				ALWAYS_SEARCH_USER_PATHS = NO;
				CLANG_ANALYZER_NONNULL = YES;
				CLANG_ANALYZER_NUMBER_OBJECT_CONVERSION = YES_AGGRESSIVE;
				CLANG_CXX_LANGUAGE_STANDARD = "gnu++14";
				CLANG_CXX_LIBRARY = "libc++";
				CLANG_ENABLE_MODULES = YES;
				CLANG_ENABLE_OBJC_ARC = YES;
				CLANG_ENABLE_OBJC_WEAK = YES;
				CLANG_WARN_BLOCK_CAPTURE_AUTORELEASING = YES;
				CLANG_WARN_BOOL_CONVERSION = YES;
				CLANG_WARN_COMMA = YES;
				CLANG_WARN_CONSTANT_CONVERSION = YES;
				CLANG_WARN_DEPRECATED_OBJC_IMPLEMENTATIONS = YES;
				CLANG_WARN_DIRECT_OBJC_ISA_USAGE = YES_ERROR;
				CLANG_WARN_DOCUMENTATION_COMMENTS = YES;
				CLANG_WARN_EMPTY_BODY = YES;
				CLANG_WARN_ENUM_CONVERSION = YES;
				CLANG_WARN_INFINITE_RECURSION = YES;
				CLANG_WARN_INT_CONVERSION = YES;
				CLANG_WARN_NON_LITERAL_NULL_CONVERSION = YES;
				CLANG_WARN_OBJC_IMPLICIT_RETAIN_SELF = YES;
				CLANG_WARN_OBJC_LITERAL_CONVERSION = YES;
				CLANG_WARN_OBJC_ROOT_CLASS = YES_ERROR;
				CLANG_WARN_RANGE_LOOP_ANALYSIS = YES;
				CLANG_WARN_STRICT_PROTOTYPES = YES;
				CLANG_WARN_SUSPICIOUS_MOVE = YES;
				CLANG_WARN_UNGUARDED_AVAILABILITY = YES_AGGRESSIVE;
				CLANG_WARN_UNREACHABLE_CODE = YES;
				CLANG_WARN__DUPLICATE_METHOD_MATCH = YES;
				COPY_PHASE_STRIP = NO;
				DEBUG_INFORMATION_FORMAT = "dwarf-with-dsym";
				ENABLE_NS_ASSERTIONS = NO;
				ENABLE_STRICT_OBJC_MSGSEND = YES;
				GCC_C_LANGUAGE_STANDARD = gnu11;
				GCC_NO_COMMON_BLOCKS = YES;
				GCC_WARN_64_TO_32_BIT_CONVERSION = YES;
				GCC_WARN_ABOUT_RETURN_TYPE = YES_ERROR;
				GCC_WARN_UNDECLARED_SELECTOR = YES;
				GCC_WARN_UNINITIALIZED_AUTOS = YES_AGGRESSIVE;
				GCC_WARN_UNUSED_FUNCTION = YES;
				GCC_WARN_UNUSED_VARIABLE = YES;
				IPHONEOS_DEPLOYMENT_TARGET = 13.2;
				MTL_ENABLE_DEBUG_INFO = NO;
				MTL_FAST_MATH = YES;
				SDKROOT = iphoneos;
				SWIFT_COMPILATION_MODE = wholemodule;
				SWIFT_OPTIMIZATION_LEVEL = "-O";
				VALIDATE_PRODUCT = YES;
			};
			name = Release;
		};
		B1F52EC123C0A9810031CB62 /* Debug */ = {
			isa = XCBuildConfiguration;
			baseConfigurationReference = 60A9A103BBE46AD0A0FDC1C9 /* Pods-MyPlaces.debug.xcconfig */;
			buildSettings = {
				ASSETCATALOG_COMPILER_APPICON_NAME = AppIcon;
				CODE_SIGN_STYLE = Automatic;
				DEVELOPMENT_TEAM = U6C3GRK3X2;
				INFOPLIST_FILE = MyPlaces/Info.plist;
				LD_RUNPATH_SEARCH_PATHS = (
					"$(inherited)",
					"@executable_path/Frameworks",
				);
				PRODUCT_BUNDLE_IDENTIFIER = v.MyPlaces;
				PRODUCT_NAME = "$(TARGET_NAME)";
				SWIFT_VERSION = 5.0;
				TARGETED_DEVICE_FAMILY = "1,2";
			};
			name = Debug;
		};
		B1F52EC223C0A9810031CB62 /* Release */ = {
			isa = XCBuildConfiguration;
			baseConfigurationReference = C760B3070ECF10291428ABF9 /* Pods-MyPlaces.release.xcconfig */;
			buildSettings = {
				ASSETCATALOG_COMPILER_APPICON_NAME = AppIcon;
				CODE_SIGN_STYLE = Automatic;
				DEVELOPMENT_TEAM = U6C3GRK3X2;
				INFOPLIST_FILE = MyPlaces/Info.plist;
				LD_RUNPATH_SEARCH_PATHS = (
					"$(inherited)",
					"@executable_path/Frameworks",
				);
				PRODUCT_BUNDLE_IDENTIFIER = v.MyPlaces;
				PRODUCT_NAME = "$(TARGET_NAME)";
				SWIFT_VERSION = 5.0;
				TARGETED_DEVICE_FAMILY = "1,2";
			};
			name = Release;
		};
/* End XCBuildConfiguration section */

/* Begin XCConfigurationList section */
		B1F52EA723C0A97F0031CB62 /* Build configuration list for PBXProject "MyPlaces" */ = {
			isa = XCConfigurationList;
			buildConfigurations = (
				B1F52EBE23C0A9810031CB62 /* Debug */,
				B1F52EBF23C0A9810031CB62 /* Release */,
			);
			defaultConfigurationIsVisible = 0;
			defaultConfigurationName = Release;
		};
		B1F52EC023C0A9810031CB62 /* Build configuration list for PBXNativeTarget "MyPlaces" */ = {
			isa = XCConfigurationList;
			buildConfigurations = (
				B1F52EC123C0A9810031CB62 /* Debug */,
				B1F52EC223C0A9810031CB62 /* Release */,
			);
			defaultConfigurationIsVisible = 0;
			defaultConfigurationName = Release;
		};
/* End XCConfigurationList section */
	};
	rootObject = B1F52EA423C0A97F0031CB62 /* Project object */;
}
